// !$*UTF8*$!
{
	archiveVersion = 1;
	classes = {
	};
	objectVersion = 77;
	objects = {

/* Begin PBXBuildFile section */
		2C7368352D49DEE30046D232 /* LaunchAtLogin in Frameworks */ = {isa = PBXBuildFile; productRef = 2C7368342D49DEE30046D232 /* LaunchAtLogin */; };
		2C8A4D972D5B10C700103A74 /* WidgetKit.framework in Frameworks */ = {isa = PBXBuildFile; fileRef = 2C8A4D962D5B10C700103A74 /* WidgetKit.framework */; };
		2C8A4D992D5B10C700103A74 /* SwiftUI.framework in Frameworks */ = {isa = PBXBuildFile; fileRef = 2C8A4D982D5B10C700103A74 /* SwiftUI.framework */; };
		2C8A4DA42D5B10C800103A74 /* Jokes4MeWidgetExtension.appex in Embed Foundation Extensions */ = {isa = PBXBuildFile; fileRef = 2C8A4D942D5B10C700103A74 /* Jokes4MeWidgetExtension.appex */; settings = {ATTRIBUTES = (RemoveHeadersOnCopy, ); }; };
		2CCAEB352D5834B3009E8116 /* ChartItem.swift in Sources */ = {isa = PBXBuildFile; fileRef = 2CCAEB342D5834B3009E8116 /* ChartItem.swift */; };
		2CCAEB382D58385D009E8116 /* FirstOnAppearModifier.swift in Sources */ = {isa = PBXBuildFile; fileRef = 2CCAEB372D58385D009E8116 /* FirstOnAppearModifier.swift */; };
		2CD9BF8B2D556368005CE9B1 /* Jokes4MeiOSApp.swift in Sources */ = {isa = PBXBuildFile; fileRef = 2CD9BF872D556368005CE9B1 /* Jokes4MeiOSApp.swift */; };
		2CD9BF8C2D556368005CE9B1 /* StartTabView.swift in Sources */ = {isa = PBXBuildFile; fileRef = 2CD9BF892D556368005CE9B1 /* StartTabView.swift */; };
		2CD9BF8D2D556368005CE9B1 /* Preview Assets.xcassets in Resources */ = {isa = PBXBuildFile; fileRef = 2CD9BF842D556368005CE9B1 /* Preview Assets.xcassets */; };
		2CD9BF8E2D556368005CE9B1 /* Assets.xcassets in Resources */ = {isa = PBXBuildFile; fileRef = 2CD9BF862D556368005CE9B1 /* Assets.xcassets */; };
		2CD9BF8F2D556368005CE9B1 /* Launch Screen.storyboard in Resources */ = {isa = PBXBuildFile; fileRef = 2CD9BF882D556368005CE9B1 /* Launch Screen.storyboard */; };
		2CD9BF922D5563B1005CE9B1 /* AvailableLanguage.swift in Sources */ = {isa = PBXBuildFile; fileRef = 2CD9BF912D5563B1005CE9B1 /* AvailableLanguage.swift */; };
		2CD9BF942D5563EC005CE9B1 /* TranslationService.swift in Sources */ = {isa = PBXBuildFile; fileRef = 2CD9BF932D5563EC005CE9B1 /* TranslationService.swift */; };
		2CD9BF962D55656D005CE9B1 /* TranslationView.swift in Sources */ = {isa = PBXBuildFile; fileRef = 2CD9BF952D55656D005CE9B1 /* TranslationView.swift */; };
		2CF51C2C2D5716F800C19B89 /* Info.swift in Sources */ = {isa = PBXBuildFile; fileRef = 2CF51C2B2D5716F800C19B89 /* Info.swift */; };
		2CF51C2E2D57176900C19B89 /* InfoView.swift in Sources */ = {isa = PBXBuildFile; fileRef = 2CF51C2D2D57176900C19B89 /* InfoView.swift */; };
/* End PBXBuildFile section */

/* Begin PBXContainerItemProxy section */
		2C8A4DA22D5B10C800103A74 /* PBXContainerItemProxy */ = {
			isa = PBXContainerItemProxy;
			containerPortal = 2C7367C52D488DF60046D232 /* Project object */;
			proxyType = 1;
			remoteGlobalIDString = 2C8A4D932D5B10C700103A74;
			remoteInfo = Jokes4MeWidgetExtension;
		};
/* End PBXContainerItemProxy section */

/* Begin PBXCopyFilesBuildPhase section */
		2C8A4DA52D5B10C800103A74 /* Embed Foundation Extensions */ = {
			isa = PBXCopyFilesBuildPhase;
			buildActionMask = 2147483647;
			dstPath = "";
			dstSubfolderSpec = 13;
			files = (
				2C8A4DA42D5B10C800103A74 /* Jokes4MeWidgetExtension.appex in Embed Foundation Extensions */,
			);
			name = "Embed Foundation Extensions";
			runOnlyForDeploymentPostprocessing = 0;
		};
/* End PBXCopyFilesBuildPhase section */

/* Begin PBXFileReference section */
		2C7367CD2D488DF60046D232 /* Jokes4Me.app */ = {isa = PBXFileReference; explicitFileType = wrapper.application; includeInIndex = 0; path = Jokes4Me.app; sourceTree = BUILT_PRODUCTS_DIR; };
		2C8A4D942D5B10C700103A74 /* Jokes4MeWidgetExtension.appex */ = {isa = PBXFileReference; explicitFileType = "wrapper.app-extension"; includeInIndex = 0; path = Jokes4MeWidgetExtension.appex; sourceTree = BUILT_PRODUCTS_DIR; };
		2C8A4D962D5B10C700103A74 /* WidgetKit.framework */ = {isa = PBXFileReference; lastKnownFileType = wrapper.framework; name = WidgetKit.framework; path = System/Library/Frameworks/WidgetKit.framework; sourceTree = SDKROOT; };
		2C8A4D982D5B10C700103A74 /* SwiftUI.framework */ = {isa = PBXFileReference; lastKnownFileType = wrapper.framework; name = SwiftUI.framework; path = System/Library/Frameworks/SwiftUI.framework; sourceTree = SDKROOT; };
		2C98B65D2D4BFCBF009C3A0F /* Jokes4MeiOS.app */ = {isa = PBXFileReference; explicitFileType = wrapper.application; includeInIndex = 0; path = Jokes4MeiOS.app; sourceTree = BUILT_PRODUCTS_DIR; };
		2CCAEB342D5834B3009E8116 /* ChartItem.swift */ = {isa = PBXFileReference; lastKnownFileType = sourcecode.swift; path = ChartItem.swift; sourceTree = "<group>"; };
		2CCAEB372D58385D009E8116 /* FirstOnAppearModifier.swift */ = {isa = PBXFileReference; lastKnownFileType = sourcecode.swift; path = FirstOnAppearModifier.swift; sourceTree = "<group>"; };
		2CD9BF842D556368005CE9B1 /* Preview Assets.xcassets */ = {isa = PBXFileReference; lastKnownFileType = folder.assetcatalog; path = "Preview Assets.xcassets"; sourceTree = "<group>"; };
		2CD9BF862D556368005CE9B1 /* Assets.xcassets */ = {isa = PBXFileReference; lastKnownFileType = folder.assetcatalog; path = Assets.xcassets; sourceTree = "<group>"; };
		2CD9BF872D556368005CE9B1 /* Jokes4MeiOSApp.swift */ = {isa = PBXFileReference; lastKnownFileType = sourcecode.swift; path = Jokes4MeiOSApp.swift; sourceTree = "<group>"; };
		2CD9BF882D556368005CE9B1 /* Launch Screen.storyboard */ = {isa = PBXFileReference; lastKnownFileType = file.storyboard; path = "Launch Screen.storyboard"; sourceTree = "<group>"; };
		2CD9BF892D556368005CE9B1 /* StartTabView.swift */ = {isa = PBXFileReference; lastKnownFileType = sourcecode.swift; path = StartTabView.swift; sourceTree = "<group>"; };
		2CD9BF912D5563B1005CE9B1 /* AvailableLanguage.swift */ = {isa = PBXFileReference; lastKnownFileType = sourcecode.swift; path = AvailableLanguage.swift; sourceTree = "<group>"; };
		2CD9BF932D5563EC005CE9B1 /* TranslationService.swift */ = {isa = PBXFileReference; lastKnownFileType = sourcecode.swift; path = TranslationService.swift; sourceTree = "<group>"; };
		2CD9BF952D55656D005CE9B1 /* TranslationView.swift */ = {isa = PBXFileReference; lastKnownFileType = sourcecode.swift; path = TranslationView.swift; sourceTree = "<group>"; };
		2CF51C2B2D5716F800C19B89 /* Info.swift */ = {isa = PBXFileReference; lastKnownFileType = sourcecode.swift; path = Info.swift; sourceTree = "<group>"; };
		2CF51C2D2D57176900C19B89 /* InfoView.swift */ = {isa = PBXFileReference; lastKnownFileType = sourcecode.swift; path = InfoView.swift; sourceTree = "<group>"; };
/* End PBXFileReference section */

/* Begin PBXFileSystemSynchronizedBuildFileExceptionSet section */
		2C2045242D55604E00E3678C /* Exceptions for "Jokes4Me" folder in "Jokes4MeiOS" target */ = {
			isa = PBXFileSystemSynchronizedBuildFileExceptionSet;
			membershipExceptions = (
				Models/Category.swift,
				Models/Joke.swift,
				Models/JokeType.swift,
				Models/Language.swift,
				"Services+Manager/APIService.swift",
				"Services+Manager/JokeManager.swift",
				Views/JokeContentView.swift,
				Views/JokeView.swift,
			);
			target = 2C98B65C2D4BFCBF009C3A0F /* Jokes4MeiOS */;
		};
		2C8A4DA92D5B10C800103A74 /* Exceptions for "Jokes4MeWidget" folder in "Jokes4MeWidgetExtension" target */ = {
			isa = PBXFileSystemSynchronizedBuildFileExceptionSet;
			membershipExceptions = (
				Info.plist,
			);
			target = 2C8A4D932D5B10C700103A74 /* Jokes4MeWidgetExtension */;
		};
		2CED5BC02D6AB255000B1A39 /* Exceptions for "Jokes4Me" folder in "Jokes4MeWidgetExtension" target */ = {
			isa = PBXFileSystemSynchronizedBuildFileExceptionSet;
			membershipExceptions = (
				Models/Category.swift,
				Models/Joke.swift,
				Models/JokeType.swift,
				Models/Language.swift,
			);
			target = 2C8A4D932D5B10C700103A74 /* Jokes4MeWidgetExtension */;
		};
/* End PBXFileSystemSynchronizedBuildFileExceptionSet section */

/* Begin PBXFileSystemSynchronizedRootGroup section */
		2C7367CF2D488DF60046D232 /* Jokes4Me */ = {
			isa = PBXFileSystemSynchronizedRootGroup;
			exceptions = (
				2C2045242D55604E00E3678C /* Exceptions for "Jokes4Me" folder in "Jokes4MeiOS" target */,
				2CED5BC02D6AB255000B1A39 /* Exceptions for "Jokes4Me" folder in "Jokes4MeWidgetExtension" target */,
			);
			path = Jokes4Me;
			sourceTree = "<group>";
		};
		2C8A4D9A2D5B10C700103A74 /* Jokes4MeWidget */ = {
			isa = PBXFileSystemSynchronizedRootGroup;
			exceptions = (
				2C8A4DA92D5B10C800103A74 /* Exceptions for "Jokes4MeWidget" folder in "Jokes4MeWidgetExtension" target */,
			);
			path = Jokes4MeWidget;
			sourceTree = "<group>";
		};
/* End PBXFileSystemSynchronizedRootGroup section */

/* Begin PBXFrameworksBuildPhase section */
		2C7367CA2D488DF60046D232 /* Frameworks */ = {
			isa = PBXFrameworksBuildPhase;
			buildActionMask = 2147483647;
			files = (
				2C7368352D49DEE30046D232 /* LaunchAtLogin in Frameworks */,
			);
			runOnlyForDeploymentPostprocessing = 0;
		};
		2C8A4D912D5B10C700103A74 /* Frameworks */ = {
			isa = PBXFrameworksBuildPhase;
			buildActionMask = 2147483647;
			files = (
				2C8A4D992D5B10C700103A74 /* SwiftUI.framework in Frameworks */,
				2C8A4D972D5B10C700103A74 /* WidgetKit.framework in Frameworks */,
			);
			runOnlyForDeploymentPostprocessing = 0;
		};
		2C98B65A2D4BFCBF009C3A0F /* Frameworks */ = {
			isa = PBXFrameworksBuildPhase;
			buildActionMask = 2147483647;
			files = (
			);
			runOnlyForDeploymentPostprocessing = 0;
		};
/* End PBXFrameworksBuildPhase section */

/* Begin PBXGroup section */
		2C7367C42D488DF60046D232 = {
			isa = PBXGroup;
			children = (
				2C7367CF2D488DF60046D232 /* Jokes4Me */,
				2CD9BF8A2D556368005CE9B1 /* Jokes4MeiOS */,
				2C8A4D9A2D5B10C700103A74 /* Jokes4MeWidget */,
				2C8A4D952D5B10C700103A74 /* Frameworks */,
				2C7367CE2D488DF60046D232 /* Products */,
			);
			sourceTree = "<group>";
		};
		2C7367CE2D488DF60046D232 /* Products */ = {
			isa = PBXGroup;
			children = (
				2C7367CD2D488DF60046D232 /* Jokes4Me.app */,
				2C98B65D2D4BFCBF009C3A0F /* Jokes4MeiOS.app */,
				2C8A4D942D5B10C700103A74 /* Jokes4MeWidgetExtension.appex */,
			);
			name = Products;
			sourceTree = "<group>";
		};
		2C8A4D952D5B10C700103A74 /* Frameworks */ = {
			isa = PBXGroup;
			children = (
				2C8A4D962D5B10C700103A74 /* WidgetKit.framework */,
				2C8A4D982D5B10C700103A74 /* SwiftUI.framework */,
			);
			name = Frameworks;
			sourceTree = "<group>";
		};
		2CCAEB362D583834009E8116 /* HelperFiles */ = {
			isa = PBXGroup;
			children = (
				2CCAEB372D58385D009E8116 /* FirstOnAppearModifier.swift */,
			);
			path = HelperFiles;
			sourceTree = "<group>";
		};
		2CD9BF852D556368005CE9B1 /* Preview Content */ = {
			isa = PBXGroup;
			children = (
				2CD9BF842D556368005CE9B1 /* Preview Assets.xcassets */,
			);
			path = "Preview Content";
			sourceTree = "<group>";
		};
		2CD9BF8A2D556368005CE9B1 /* Jokes4MeiOS */ = {
			isa = PBXGroup;
			children = (
				2CD9BF892D556368005CE9B1 /* StartTabView.swift */,
				2CCAEB362D583834009E8116 /* HelperFiles */,
				2CF51C2A2D5716DE00C19B89 /* Info Tab */,
				2CD9BF872D556368005CE9B1 /* Jokes4MeiOSApp.swift */,
				2CD9BF882D556368005CE9B1 /* Launch Screen.storyboard */,
				2CD9BF902D55636B005CE9B1 /* Translation */,
				2CD9BF852D556368005CE9B1 /* Preview Content */,
				2CD9BF862D556368005CE9B1 /* Assets.xcassets */,
			);
			path = Jokes4MeiOS;
			sourceTree = "<group>";
		};
		2CD9BF902D55636B005CE9B1 /* Translation */ = {
			isa = PBXGroup;
			children = (
				2CD9BF912D5563B1005CE9B1 /* AvailableLanguage.swift */,
				2CD9BF932D5563EC005CE9B1 /* TranslationService.swift */,
				2CD9BF952D55656D005CE9B1 /* TranslationView.swift */,
			);
			path = Translation;
			sourceTree = "<group>";
		};
		2CF51C2A2D5716DE00C19B89 /* Info Tab */ = {
			isa = PBXGroup;
			children = (
				2CF51C2B2D5716F800C19B89 /* Info.swift */,
				2CF51C2D2D57176900C19B89 /* InfoView.swift */,
				2CCAEB342D5834B3009E8116 /* ChartItem.swift */,
			);
			path = "Info Tab";
			sourceTree = "<group>";
		};
/* End PBXGroup section */

/* Begin PBXNativeTarget section */
		2C7367CC2D488DF60046D232 /* Jokes4Me */ = {
			isa = PBXNativeTarget;
			buildConfigurationList = 2C7367DC2D488DF70046D232 /* Build configuration list for PBXNativeTarget "Jokes4Me" */;
			buildPhases = (
				2C7367C92D488DF60046D232 /* Sources */,
				2C7367CA2D488DF60046D232 /* Frameworks */,
				2C7367CB2D488DF60046D232 /* Resources */,
			);
			buildRules = (
			);
			dependencies = (
			);
			fileSystemSynchronizedGroups = (
				2C7367CF2D488DF60046D232 /* Jokes4Me */,
			);
			name = Jokes4Me;
			packageProductDependencies = (
				2C7368342D49DEE30046D232 /* LaunchAtLogin */,
			);
			productName = Jokes4Me;
			productReference = 2C7367CD2D488DF60046D232 /* Jokes4Me.app */;
			productType = "com.apple.product-type.application";
		};
		2C8A4D932D5B10C700103A74 /* Jokes4MeWidgetExtension */ = {
			isa = PBXNativeTarget;
			buildConfigurationList = 2C8A4DA82D5B10C800103A74 /* Build configuration list for PBXNativeTarget "Jokes4MeWidgetExtension" */;
			buildPhases = (
				2C8A4D902D5B10C700103A74 /* Sources */,
				2C8A4D912D5B10C700103A74 /* Frameworks */,
				2C8A4D922D5B10C700103A74 /* Resources */,
			);
			buildRules = (
			);
			dependencies = (
			);
			fileSystemSynchronizedGroups = (
				2C8A4D9A2D5B10C700103A74 /* Jokes4MeWidget */,
			);
			name = Jokes4MeWidgetExtension;
			packageProductDependencies = (
			);
			productName = Jokes4MeWidgetExtension;
			productReference = 2C8A4D942D5B10C700103A74 /* Jokes4MeWidgetExtension.appex */;
			productType = "com.apple.product-type.app-extension";
		};
		2C98B65C2D4BFCBF009C3A0F /* Jokes4MeiOS */ = {
			isa = PBXNativeTarget;
			buildConfigurationList = 2C98B66A2D4BFCC0009C3A0F /* Build configuration list for PBXNativeTarget "Jokes4MeiOS" */;
			buildPhases = (
				2C98B6592D4BFCBF009C3A0F /* Sources */,
				2C98B65A2D4BFCBF009C3A0F /* Frameworks */,
				2C98B65B2D4BFCBF009C3A0F /* Resources */,
				2C8A4DA52D5B10C800103A74 /* Embed Foundation Extensions */,
			);
			buildRules = (
			);
			dependencies = (
				2C8A4DA32D5B10C800103A74 /* PBXTargetDependency */,
			);
			name = Jokes4MeiOS;
			packageProductDependencies = (
			);
			productName = Jokes4MeiOS;
			productReference = 2C98B65D2D4BFCBF009C3A0F /* Jokes4MeiOS.app */;
			productType = "com.apple.product-type.application";
		};
/* End PBXNativeTarget section */

/* Begin PBXProject section */
		2C7367C52D488DF60046D232 /* Project object */ = {
			isa = PBXProject;
			attributes = {
				BuildIndependentTargetsInParallel = 1;
				LastSwiftUpdateCheck = 1620;
				LastUpgradeCheck = 1620;
				TargetAttributes = {
					2C7367CC2D488DF60046D232 = {
						CreatedOnToolsVersion = 16.2;
					};
					2C8A4D932D5B10C700103A74 = {
						CreatedOnToolsVersion = 16.2;
					};
					2C98B65C2D4BFCBF009C3A0F = {
						CreatedOnToolsVersion = 16.2;
					};
				};
			};
			buildConfigurationList = 2C7367C82D488DF60046D232 /* Build configuration list for PBXProject "Jokes4Me" */;
			developmentRegion = en;
			hasScannedForEncodings = 0;
			knownRegions = (
				en,
				Base,
			);
			mainGroup = 2C7367C42D488DF60046D232;
			minimizedProjectReferenceProxies = 1;
			packageReferences = (
				2C7368332D49DEE30046D232 /* XCRemoteSwiftPackageReference "LaunchAtLogin-Modern" */,
			);
			preferredProjectObjectVersion = 77;
			productRefGroup = 2C7367CE2D488DF60046D232 /* Products */;
			projectDirPath = "";
			projectRoot = "";
			targets = (
				2C7367CC2D488DF60046D232 /* Jokes4Me */,
				2C98B65C2D4BFCBF009C3A0F /* Jokes4MeiOS */,
				2C8A4D932D5B10C700103A74 /* Jokes4MeWidgetExtension */,
			);
		};
/* End PBXProject section */

/* Begin PBXResourcesBuildPhase section */
		2C7367CB2D488DF60046D232 /* Resources */ = {
			isa = PBXResourcesBuildPhase;
			buildActionMask = 2147483647;
			files = (
			);
			runOnlyForDeploymentPostprocessing = 0;
		};
		2C8A4D922D5B10C700103A74 /* Resources */ = {
			isa = PBXResourcesBuildPhase;
			buildActionMask = 2147483647;
			files = (
			);
			runOnlyForDeploymentPostprocessing = 0;
		};
		2C98B65B2D4BFCBF009C3A0F /* Resources */ = {
			isa = PBXResourcesBuildPhase;
			buildActionMask = 2147483647;
			files = (
				2CD9BF8D2D556368005CE9B1 /* Preview Assets.xcassets in Resources */,
				2CD9BF8E2D556368005CE9B1 /* Assets.xcassets in Resources */,
				2CD9BF8F2D556368005CE9B1 /* Launch Screen.storyboard in Resources */,
			);
			runOnlyForDeploymentPostprocessing = 0;
		};
/* End PBXResourcesBuildPhase section */

/* Begin PBXSourcesBuildPhase section */
		2C7367C92D488DF60046D232 /* Sources */ = {
			isa = PBXSourcesBuildPhase;
			buildActionMask = 2147483647;
			files = (
			);
			runOnlyForDeploymentPostprocessing = 0;
		};
		2C8A4D902D5B10C700103A74 /* Sources */ = {
			isa = PBXSourcesBuildPhase;
			buildActionMask = 2147483647;
			files = (
			);
			runOnlyForDeploymentPostprocessing = 0;
		};
		2C98B6592D4BFCBF009C3A0F /* Sources */ = {
			isa = PBXSourcesBuildPhase;
			buildActionMask = 2147483647;
			files = (
				2CCAEB382D58385D009E8116 /* FirstOnAppearModifier.swift in Sources */,
				2CD9BF8B2D556368005CE9B1 /* Jokes4MeiOSApp.swift in Sources */,
				2CD9BF8C2D556368005CE9B1 /* StartTabView.swift in Sources */,
				2CD9BF922D5563B1005CE9B1 /* AvailableLanguage.swift in Sources */,
				2CCAEB352D5834B3009E8116 /* ChartItem.swift in Sources */,
				2CD9BF962D55656D005CE9B1 /* TranslationView.swift in Sources */,
				2CD9BF942D5563EC005CE9B1 /* TranslationService.swift in Sources */,
				2CF51C2E2D57176900C19B89 /* InfoView.swift in Sources */,
				2CF51C2C2D5716F800C19B89 /* Info.swift in Sources */,
			);
			runOnlyForDeploymentPostprocessing = 0;
		};
/* End PBXSourcesBuildPhase section */

/* Begin PBXTargetDependency section */
		2C8A4DA32D5B10C800103A74 /* PBXTargetDependency */ = {
			isa = PBXTargetDependency;
			target = 2C8A4D932D5B10C700103A74 /* Jokes4MeWidgetExtension */;
			targetProxy = 2C8A4DA22D5B10C800103A74 /* PBXContainerItemProxy */;
		};
/* End PBXTargetDependency section */

/* Begin XCBuildConfiguration section */
		2C7367DA2D488DF70046D232 /* Debug */ = {
			isa = XCBuildConfiguration;
			buildSettings = {
				ALWAYS_SEARCH_USER_PATHS = NO;
				ASSETCATALOG_COMPILER_GENERATE_SWIFT_ASSET_SYMBOL_EXTENSIONS = YES;
				CLANG_ANALYZER_NONNULL = YES;
				CLANG_ANALYZER_NUMBER_OBJECT_CONVERSION = YES_AGGRESSIVE;
				CLANG_CXX_LANGUAGE_STANDARD = "gnu++20";
				CLANG_ENABLE_MODULES = YES;
				CLANG_ENABLE_OBJC_ARC = YES;
				CLANG_ENABLE_OBJC_WEAK = YES;
				CLANG_WARN_BLOCK_CAPTURE_AUTORELEASING = YES;
				CLANG_WARN_BOOL_CONVERSION = YES;
				CLANG_WARN_COMMA = YES;
				CLANG_WARN_CONSTANT_CONVERSION = YES;
				CLANG_WARN_DEPRECATED_OBJC_IMPLEMENTATIONS = YES;
				CLANG_WARN_DIRECT_OBJC_ISA_USAGE = YES_ERROR;
				CLANG_WARN_DOCUMENTATION_COMMENTS = YES;
				CLANG_WARN_EMPTY_BODY = YES;
				CLANG_WARN_ENUM_CONVERSION = YES;
				CLANG_WARN_INFINITE_RECURSION = YES;
				CLANG_WARN_INT_CONVERSION = YES;
				CLANG_WARN_NON_LITERAL_NULL_CONVERSION = YES;
				CLANG_WARN_OBJC_IMPLICIT_RETAIN_SELF = YES;
				CLANG_WARN_OBJC_LITERAL_CONVERSION = YES;
				CLANG_WARN_OBJC_ROOT_CLASS = YES_ERROR;
				CLANG_WARN_QUOTED_INCLUDE_IN_FRAMEWORK_HEADER = YES;
				CLANG_WARN_RANGE_LOOP_ANALYSIS = YES;
				CLANG_WARN_STRICT_PROTOTYPES = YES;
				CLANG_WARN_SUSPICIOUS_MOVE = YES;
				CLANG_WARN_UNGUARDED_AVAILABILITY = YES_AGGRESSIVE;
				CLANG_WARN_UNREACHABLE_CODE = YES;
				CLANG_WARN__DUPLICATE_METHOD_MATCH = YES;
				COPY_PHASE_STRIP = NO;
				DEBUG_INFORMATION_FORMAT = dwarf;
				ENABLE_STRICT_OBJC_MSGSEND = YES;
				ENABLE_TESTABILITY = YES;
				ENABLE_USER_SCRIPT_SANDBOXING = YES;
				GCC_C_LANGUAGE_STANDARD = gnu17;
				GCC_DYNAMIC_NO_PIC = NO;
				GCC_NO_COMMON_BLOCKS = YES;
				GCC_OPTIMIZATION_LEVEL = 0;
				GCC_PREPROCESSOR_DEFINITIONS = (
					"DEBUG=1",
					"$(inherited)",
				);
				GCC_WARN_64_TO_32_BIT_CONVERSION = YES;
				GCC_WARN_ABOUT_RETURN_TYPE = YES_ERROR;
				GCC_WARN_UNDECLARED_SELECTOR = YES;
				GCC_WARN_UNINITIALIZED_AUTOS = YES_AGGRESSIVE;
				GCC_WARN_UNUSED_FUNCTION = YES;
				GCC_WARN_UNUSED_VARIABLE = YES;
				LOCALIZATION_PREFERS_STRING_CATALOGS = YES;
				MACOSX_DEPLOYMENT_TARGET = 15.2;
				MTL_ENABLE_DEBUG_INFO = INCLUDE_SOURCE;
				MTL_FAST_MATH = YES;
				ONLY_ACTIVE_ARCH = YES;
				SDKROOT = macosx;
				SWIFT_ACTIVE_COMPILATION_CONDITIONS = "DEBUG $(inherited)";
				SWIFT_OPTIMIZATION_LEVEL = "-Onone";
			};
			name = Debug;
		};
		2C7367DB2D488DF70046D232 /* Release */ = {
			isa = XCBuildConfiguration;
			buildSettings = {
				ALWAYS_SEARCH_USER_PATHS = NO;
				ASSETCATALOG_COMPILER_GENERATE_SWIFT_ASSET_SYMBOL_EXTENSIONS = YES;
				CLANG_ANALYZER_NONNULL = YES;
				CLANG_ANALYZER_NUMBER_OBJECT_CONVERSION = YES_AGGRESSIVE;
				CLANG_CXX_LANGUAGE_STANDARD = "gnu++20";
				CLANG_ENABLE_MODULES = YES;
				CLANG_ENABLE_OBJC_ARC = YES;
				CLANG_ENABLE_OBJC_WEAK = YES;
				CLANG_WARN_BLOCK_CAPTURE_AUTORELEASING = YES;
				CLANG_WARN_BOOL_CONVERSION = YES;
				CLANG_WARN_COMMA = YES;
				CLANG_WARN_CONSTANT_CONVERSION = YES;
				CLANG_WARN_DEPRECATED_OBJC_IMPLEMENTATIONS = YES;
				CLANG_WARN_DIRECT_OBJC_ISA_USAGE = YES_ERROR;
				CLANG_WARN_DOCUMENTATION_COMMENTS = YES;
				CLANG_WARN_EMPTY_BODY = YES;
				CLANG_WARN_ENUM_CONVERSION = YES;
				CLANG_WARN_INFINITE_RECURSION = YES;
				CLANG_WARN_INT_CONVERSION = YES;
				CLANG_WARN_NON_LITERAL_NULL_CONVERSION = YES;
				CLANG_WARN_OBJC_IMPLICIT_RETAIN_SELF = YES;
				CLANG_WARN_OBJC_LITERAL_CONVERSION = YES;
				CLANG_WARN_OBJC_ROOT_CLASS = YES_ERROR;
				CLANG_WARN_QUOTED_INCLUDE_IN_FRAMEWORK_HEADER = YES;
				CLANG_WARN_RANGE_LOOP_ANALYSIS = YES;
				CLANG_WARN_STRICT_PROTOTYPES = YES;
				CLANG_WARN_SUSPICIOUS_MOVE = YES;
				CLANG_WARN_UNGUARDED_AVAILABILITY = YES_AGGRESSIVE;
				CLANG_WARN_UNREACHABLE_CODE = YES;
				CLANG_WARN__DUPLICATE_METHOD_MATCH = YES;
				COPY_PHASE_STRIP = NO;
				DEBUG_INFORMATION_FORMAT = "dwarf-with-dsym";
				ENABLE_NS_ASSERTIONS = NO;
				ENABLE_STRICT_OBJC_MSGSEND = YES;
				ENABLE_USER_SCRIPT_SANDBOXING = YES;
				GCC_C_LANGUAGE_STANDARD = gnu17;
				GCC_NO_COMMON_BLOCKS = YES;
				GCC_WARN_64_TO_32_BIT_CONVERSION = YES;
				GCC_WARN_ABOUT_RETURN_TYPE = YES_ERROR;
				GCC_WARN_UNDECLARED_SELECTOR = YES;
				GCC_WARN_UNINITIALIZED_AUTOS = YES_AGGRESSIVE;
				GCC_WARN_UNUSED_FUNCTION = YES;
				GCC_WARN_UNUSED_VARIABLE = YES;
				LOCALIZATION_PREFERS_STRING_CATALOGS = YES;
				MACOSX_DEPLOYMENT_TARGET = 15.2;
				MTL_ENABLE_DEBUG_INFO = NO;
				MTL_FAST_MATH = YES;
				SDKROOT = macosx;
				SWIFT_COMPILATION_MODE = wholemodule;
			};
			name = Release;
		};
		2C7367DD2D488DF70046D232 /* Debug */ = {
			isa = XCBuildConfiguration;
			buildSettings = {
				ASSETCATALOG_COMPILER_APPICON_NAME = AppIcon;
				ASSETCATALOG_COMPILER_GLOBAL_ACCENT_COLOR_NAME = AccentColor;
				CODE_SIGN_ENTITLEMENTS = Jokes4Me/Jokes4Me.entitlements;
				CODE_SIGN_STYLE = Automatic;
				COMBINE_HIDPI_IMAGES = YES;
				CURRENT_PROJECT_VERSION = 1;
				DEVELOPMENT_ASSET_PATHS = "\"Jokes4Me/Preview Content\"";
				DEVELOPMENT_TEAM = 6UUX2L32WR;
				ENABLE_HARDENED_RUNTIME = YES;
				ENABLE_PREVIEWS = YES;
				GENERATE_INFOPLIST_FILE = YES;
				INFOPLIST_KEY_LSUIElement = YES;
				INFOPLIST_KEY_NSHumanReadableCopyright = "";
				LD_RUNPATH_SEARCH_PATHS = (
					"$(inherited)",
					"@executable_path/../Frameworks",
				);
				MARKETING_VERSION = 1.0;
				PRODUCT_BUNDLE_IDENTIFIER = com.royalbluesoftware.Jokes4Me;
				PRODUCT_NAME = "$(TARGET_NAME)";
				SWIFT_EMIT_LOC_STRINGS = YES;
				SWIFT_VERSION = 5.0;
			};
			name = Debug;
		};
		2C7367DE2D488DF70046D232 /* Release */ = {
			isa = XCBuildConfiguration;
			buildSettings = {
				ASSETCATALOG_COMPILER_APPICON_NAME = AppIcon;
				ASSETCATALOG_COMPILER_GLOBAL_ACCENT_COLOR_NAME = AccentColor;
				CODE_SIGN_ENTITLEMENTS = Jokes4Me/Jokes4Me.entitlements;
				CODE_SIGN_STYLE = Automatic;
				COMBINE_HIDPI_IMAGES = YES;
				CURRENT_PROJECT_VERSION = 1;
				DEVELOPMENT_ASSET_PATHS = "\"Jokes4Me/Preview Content\"";
				DEVELOPMENT_TEAM = 6UUX2L32WR;
				ENABLE_HARDENED_RUNTIME = YES;
				ENABLE_PREVIEWS = YES;
				GENERATE_INFOPLIST_FILE = YES;
				INFOPLIST_KEY_LSUIElement = YES;
				INFOPLIST_KEY_NSHumanReadableCopyright = "";
				LD_RUNPATH_SEARCH_PATHS = (
					"$(inherited)",
					"@executable_path/../Frameworks",
				);
				MARKETING_VERSION = 1.0;
				PRODUCT_BUNDLE_IDENTIFIER = com.royalbluesoftware.Jokes4Me;
				PRODUCT_NAME = "$(TARGET_NAME)";
				SWIFT_EMIT_LOC_STRINGS = YES;
				SWIFT_VERSION = 5.0;
			};
			name = Release;
		};
		2C8A4DA62D5B10C800103A74 /* Debug */ = {
			isa = XCBuildConfiguration;
			buildSettings = {
				ASSETCATALOG_COMPILER_GLOBAL_ACCENT_COLOR_NAME = AccentColor;
				ASSETCATALOG_COMPILER_WIDGET_BACKGROUND_COLOR_NAME = WidgetBackground;
				CODE_SIGN_STYLE = Automatic;
				CURRENT_PROJECT_VERSION = 1;
				DEVELOPMENT_TEAM = 6UUX2L32WR;
				GENERATE_INFOPLIST_FILE = YES;
				INFOPLIST_FILE = Jokes4MeWidget/Info.plist;
				INFOPLIST_KEY_CFBundleDisplayName = Jokes4MeWidget;
				INFOPLIST_KEY_NSHumanReadableCopyright = "";
				IPHONEOS_DEPLOYMENT_TARGET = 18.2;
				LD_RUNPATH_SEARCH_PATHS = (
					"$(inherited)",
					"@executable_path/Frameworks",
					"@executable_path/../../Frameworks",
				);
				MARKETING_VERSION = 1.0;
				PRODUCT_BUNDLE_IDENTIFIER = com.royalbluesoftware.Jokes4Me.Jokes4MeWidget;
				PRODUCT_NAME = "$(TARGET_NAME)";
				SDKROOT = iphoneos;
				SKIP_INSTALL = YES;
				SWIFT_EMIT_LOC_STRINGS = YES;
				SWIFT_VERSION = 5.0;
				TARGETED_DEVICE_FAMILY = "1,2";
			};
			name = Debug;
		};
		2C8A4DA72D5B10C800103A74 /* Release */ = {
			isa = XCBuildConfiguration;
			buildSettings = {
				ASSETCATALOG_COMPILER_GLOBAL_ACCENT_COLOR_NAME = AccentColor;
				ASSETCATALOG_COMPILER_WIDGET_BACKGROUND_COLOR_NAME = WidgetBackground;
				CODE_SIGN_STYLE = Automatic;
				CURRENT_PROJECT_VERSION = 1;
				DEVELOPMENT_TEAM = 6UUX2L32WR;
				GENERATE_INFOPLIST_FILE = YES;
				INFOPLIST_FILE = Jokes4MeWidget/Info.plist;
				INFOPLIST_KEY_CFBundleDisplayName = Jokes4MeWidget;
				INFOPLIST_KEY_NSHumanReadableCopyright = "";
				IPHONEOS_DEPLOYMENT_TARGET = 18.2;
				LD_RUNPATH_SEARCH_PATHS = (
					"$(inherited)",
					"@executable_path/Frameworks",
					"@executable_path/../../Frameworks",
				);
				MARKETING_VERSION = 1.0;
				PRODUCT_BUNDLE_IDENTIFIER = com.royalbluesoftware.Jokes4Me.Jokes4MeWidget;
				PRODUCT_NAME = "$(TARGET_NAME)";
				SDKROOT = iphoneos;
				SKIP_INSTALL = YES;
				SWIFT_EMIT_LOC_STRINGS = YES;
				SWIFT_VERSION = 5.0;
				TARGETED_DEVICE_FAMILY = "1,2";
				VALIDATE_PRODUCT = YES;
			};
			name = Release;
		};
		2C98B6682D4BFCC0009C3A0F /* Debug */ = {
			isa = XCBuildConfiguration;
			buildSettings = {
				ASSETCATALOG_COMPILER_APPICON_NAME = AppIcon;
				ASSETCATALOG_COMPILER_GLOBAL_ACCENT_COLOR_NAME = AccentColor;
				CODE_SIGN_STYLE = Automatic;
				CURRENT_PROJECT_VERSION = 1;
				DEVELOPMENT_ASSET_PATHS = "\"Jokes4MeiOS/Preview Content\"";
				DEVELOPMENT_TEAM = 6UUX2L32WR;
				ENABLE_PREVIEWS = YES;
				GENERATE_INFOPLIST_FILE = YES;
				INFOPLIST_KEY_CFBundleDisplayName = Jokes4Me;
				INFOPLIST_KEY_LSApplicationCategoryType = "public.app-category.entertainment";
				INFOPLIST_KEY_UIApplicationSceneManifest_Generation = YES;
				INFOPLIST_KEY_UIApplicationSupportsIndirectInputEvents = YES;
				INFOPLIST_KEY_UILaunchScreen_Generation = YES;
				INFOPLIST_KEY_UILaunchStoryboardName = "Launch Screen";
				INFOPLIST_KEY_UISupportedInterfaceOrientations = UIInterfaceOrientationPortrait;
				INFOPLIST_KEY_UISupportedInterfaceOrientations_iPad = "UIInterfaceOrientationLandscapeLeft UIInterfaceOrientationLandscapeRight UIInterfaceOrientationPortrait UIInterfaceOrientationPortraitUpsideDown";
				IPHONEOS_DEPLOYMENT_TARGET = 18.2;
				LD_RUNPATH_SEARCH_PATHS = (
					"$(inherited)",
					"@executable_path/Frameworks",
				);
				MARKETING_VERSION = 1.0;
				PRODUCT_BUNDLE_IDENTIFIER = com.royalbluesoftware.Jokes4Me;
				PRODUCT_NAME = "$(TARGET_NAME)";
				SDKROOT = iphoneos;
				SUPPORTED_PLATFORMS = "iphoneos iphonesimulator";
				SUPPORTS_MACCATALYST = NO;
				SUPPORTS_MAC_DESIGNED_FOR_IPHONE_IPAD = NO;
				SUPPORTS_XR_DESIGNED_FOR_IPHONE_IPAD = NO;
				SWIFT_EMIT_LOC_STRINGS = YES;
				SWIFT_VERSION = 5.0;
				TARGETED_DEVICE_FAMILY = 1;
			};
			name = Debug;
		};
		2C98B6692D4BFCC0009C3A0F /* Release */ = {
			isa = XCBuildConfiguration;
			buildSettings = {
				ASSETCATALOG_COMPILER_APPICON_NAME = AppIcon;
				ASSETCATALOG_COMPILER_GLOBAL_ACCENT_COLOR_NAME = AccentColor;
				CODE_SIGN_STYLE = Automatic;
				CURRENT_PROJECT_VERSION = 1;
				DEVELOPMENT_ASSET_PATHS = "\"Jokes4MeiOS/Preview Content\"";
				DEVELOPMENT_TEAM = 6UUX2L32WR;
				ENABLE_PREVIEWS = YES;
				GENERATE_INFOPLIST_FILE = YES;
				INFOPLIST_KEY_CFBundleDisplayName = Jokes4Me;
				INFOPLIST_KEY_LSApplicationCategoryType = "public.app-category.entertainment";
				INFOPLIST_KEY_UIApplicationSceneManifest_Generation = YES;
				INFOPLIST_KEY_UIApplicationSupportsIndirectInputEvents = YES;
				INFOPLIST_KEY_UILaunchScreen_Generation = YES;
				INFOPLIST_KEY_UILaunchStoryboardName = "Launch Screen";
				INFOPLIST_KEY_UISupportedInterfaceOrientations = UIInterfaceOrientationPortrait;
				INFOPLIST_KEY_UISupportedInterfaceOrientations_iPad = "UIInterfaceOrientationLandscapeLeft UIInterfaceOrientationLandscapeRight UIInterfaceOrientationPortrait UIInterfaceOrientationPortraitUpsideDown";
				IPHONEOS_DEPLOYMENT_TARGET = 18.2;
				LD_RUNPATH_SEARCH_PATHS = (
					"$(inherited)",
					"@executable_path/Frameworks",
				);
				MARKETING_VERSION = 1.0;
				PRODUCT_BUNDLE_IDENTIFIER = com.royalbluesoftware.Jokes4Me;
				PRODUCT_NAME = "$(TARGET_NAME)";
				SDKROOT = iphoneos;
				SUPPORTED_PLATFORMS = "iphoneos iphonesimulator";
				SUPPORTS_MACCATALYST = NO;
				SUPPORTS_MAC_DESIGNED_FOR_IPHONE_IPAD = NO;
				SUPPORTS_XR_DESIGNED_FOR_IPHONE_IPAD = NO;
				SWIFT_EMIT_LOC_STRINGS = YES;
				SWIFT_VERSION = 5.0;
				TARGETED_DEVICE_FAMILY = 1;
				VALIDATE_PRODUCT = YES;
			};
			name = Release;
		};
/* End XCBuildConfiguration section */

/* Begin XCConfigurationList section */
		2C7367C82D488DF60046D232 /* Build configuration list for PBXProject "Jokes4Me" */ = {
			isa = XCConfigurationList;
			buildConfigurations = (
				2C7367DA2D488DF70046D232 /* Debug */,
				2C7367DB2D488DF70046D232 /* Release */,
			);
			defaultConfigurationIsVisible = 0;
			defaultConfigurationName = Release;
		};
		2C7367DC2D488DF70046D232 /* Build configuration list for PBXNativeTarget "Jokes4Me" */ = {
			isa = XCConfigurationList;
			buildConfigurations = (
				2C7367DD2D488DF70046D232 /* Debug */,
				2C7367DE2D488DF70046D232 /* Release */,
			);
			defaultConfigurationIsVisible = 0;
			defaultConfigurationName = Release;
		};
		2C8A4DA82D5B10C800103A74 /* Build configuration list for PBXNativeTarget "Jokes4MeWidgetExtension" */ = {
			isa = XCConfigurationList;
			buildConfigurations = (
				2C8A4DA62D5B10C800103A74 /* Debug */,
				2C8A4DA72D5B10C800103A74 /* Release */,
			);
			defaultConfigurationIsVisible = 0;
			defaultConfigurationName = Release;
		};
		2C98B66A2D4BFCC0009C3A0F /* Build configuration list for PBXNativeTarget "Jokes4MeiOS" */ = {
			isa = XCConfigurationList;
			buildConfigurations = (
				2C98B6682D4BFCC0009C3A0F /* Debug */,
				2C98B6692D4BFCC0009C3A0F /* Release */,
			);
			defaultConfigurationIsVisible = 0;
			defaultConfigurationName = Release;
		};
/* End XCConfigurationList section */

/* Begin XCRemoteSwiftPackageReference section */
		2C7368332D49DEE30046D232 /* XCRemoteSwiftPackageReference "LaunchAtLogin-Modern" */ = {
			isa = XCRemoteSwiftPackageReference;
			repositoryURL = "https://github.com/sindresorhus/LaunchAtLogin-Modern";
			requirement = {
				branch = main;
				kind = branch;
			};
		};
/* End XCRemoteSwiftPackageReference section */

/* Begin XCSwiftPackageProductDependency section */
		2C7368342D49DEE30046D232 /* LaunchAtLogin */ = {
			isa = XCSwiftPackageProductDependency;
			package = 2C7368332D49DEE30046D232 /* XCRemoteSwiftPackageReference "LaunchAtLogin-Modern" */;
			productName = LaunchAtLogin;
		};
/* End XCSwiftPackageProductDependency section */
	};
	rootObject = 2C7367C52D488DF60046D232 /* Project object */;
}
